
Microsoft Visual Studio Solution File, Format Version 11.00
# Visual Studio 2010
Project("{FAE04EC0-301F-11D3-BF4B-00C04F79EFBC}") = "dreamshop", "dreamshop\dreamshop.csproj", "{3DE83210-B581-4C81-A679-623D986A169F}"
EndProject
Global
	GlobalSection(SolutionConfigurationPlatforms) = preSolution
		Debug|Any CPU = Debug|Any CPU
		Release|Any CPU = Release|Any CPU
	EndGlobalSection
	GlobalSection(ProjectConfigurationPlatforms) = postSolution
		{3DE83210-B581-4C81-A679-623D986A169F}.Debug|Any CPU.ActiveCfg = Debug|Any CPU
		{3DE83210-B581-4C81-A679-623D986A169F}.Debug|Any CPU.Build.0 = Debug|Any CPU
		{3DE83210-B581-4C81-A679-623D986A169F}.Release|Any CPU.ActiveCfg = Release|Any CPU
		{3DE83210-B581-4C81-A679-623D986A169F}.Release|Any CPU.Build.0 = Release|Any CPU
	EndGlobalSection
	GlobalSection(SolutionProperties) = preSolution
		HideSolutionNode = FALSE
	EndGlobalSection
EndGlobal
